// !$*UTF8*$!
{
	archiveVersion = 1;
	classes = {
	};
	objectVersion = 90;
	objects = {

/* Begin PBXBuildFile section */
		553ACEE72EC36F6900F341A1 /* CropViewController in Frameworks */ = {isa = PBXBuildFile; productRef = 553ACEE62EC36F6900F341A1 /* CropViewController */; };
		553ACEE92EC36F6900F341A1 /* TOCropViewController in Frameworks */ = {isa = PBXBuildFile; productRef = 553ACEE82EC36F6900F341A1 /* TOCropViewController */; };
		55705A1B2E8FD30E00FB2905 /* HorizonCalendar in Frameworks */ = {isa = PBXBuildFile; productRef = 55705A1A2E8FD30E00FB2905 /* HorizonCalendar */; };
		55EBEB542F0A3A0F00D5EE2E /* GoogleGenerativeAI in Frameworks */ = {isa = PBXBuildFile; productRef = 55EBEB532F0A3A0F00D5EE2E /* GoogleGenerativeAI */; };
		55EBEFB02F249E9D00D5EE2E /* FirebaseAuth in Frameworks */ = {isa = PBXBuildFile; productRef = 55EBEFAF2F249E9D00D5EE2E /* FirebaseAuth */; };
		55EBEFB22F249E9D00D5EE2E /* FirebaseCore in Frameworks */ = {isa = PBXBuildFile; productRef = 55EBEFB12F249E9D00D5EE2E /* FirebaseCore */; };
		55EBEFB42F249E9D00D5EE2E /* FirebaseFirestore in Frameworks */ = {isa = PBXBuildFile; productRef = 55EBEFB32F249E9D00D5EE2E /* FirebaseFirestore */; };
		55EBEFB62F249E9D00D5EE2E /* FirebaseStorage in Frameworks */ = {isa = PBXBuildFile; productRef = 55EBEFB52F249E9D00D5EE2E /* FirebaseStorage */; };
/* End PBXBuildFile section */

/* Begin PBXFileReference section */
		557059D12E8FAA6500FB2905 /* ExhibitNote.app */ = {isa = PBXFileReference; explicitFileType = wrapper.application; includeInIndex = 0; path = ExhibitNote.app; sourceTree = BUILT_PRODUCTS_DIR; };
/* End PBXFileReference section */

/* Begin PBXFileSystemSynchronizedBuildFileExceptionSet section */
		550197CD2EAFE85000D2F313 /* Exceptions for "ExhibitNote" folder in "ExhibitNote" target */ = {
			isa = PBXFileSystemSynchronizedBuildFileExceptionSet;
			membershipExceptions = (
				Info.plist,
			);
			target = 557059D02E8FAA6500FB2905 /* ExhibitNote */;
		};
/* End PBXFileSystemSynchronizedBuildFileExceptionSet section */

/* Begin PBXFileSystemSynchronizedRootGroup section */
		557059D32E8FAA6500FB2905 /* ExhibitNote */ = {
			isa = PBXFileSystemSynchronizedRootGroup;
			exceptions = (
				550197CD2EAFE85000D2F313 /* Exceptions for "ExhibitNote" folder in "ExhibitNote" target */,
			);
			path = ExhibitNote;
			sourceTree = "<group>";
		};
/* End PBXFileSystemSynchronizedRootGroup section */

/* Begin PBXFrameworksBuildPhase section */
		557059CE2E8FAA6500FB2905 /* Frameworks */ = {
			isa = PBXFrameworksBuildPhase;
			files = (
				55705A1B2E8FD30E00FB2905 /* HorizonCalendar in Frameworks */,
				55EBEFB02F249E9D00D5EE2E /* FirebaseAuth in Frameworks */,
				553ACEE92EC36F6900F341A1 /* TOCropViewController in Frameworks */,
				553ACEE72EC36F6900F341A1 /* CropViewController in Frameworks */,
				55EBEFB22F249E9D00D5EE2E /* FirebaseCore in Frameworks */,
				55EBEFB62F249E9D00D5EE2E /* FirebaseStorage in Frameworks */,
				55EBEB542F0A3A0F00D5EE2E /* GoogleGenerativeAI in Frameworks */,
				55EBEFB42F249E9D00D5EE2E /* FirebaseFirestore in Frameworks */,
			);
		};
/* End PBXFrameworksBuildPhase section */

/* Begin PBXGroup section */
		557059C82E8FAA6500FB2905 = {
			isa = PBXGroup;
			children = (
				557059D32E8FAA6500FB2905 /* ExhibitNote */,
				557059D22E8FAA6500FB2905 /* Products */,
			);
			sourceTree = "<group>";
		};
		557059D22E8FAA6500FB2905 /* Products */ = {
			isa = PBXGroup;
			children = (
				557059D12E8FAA6500FB2905 /* ExhibitNote.app */,
			);
			name = Products;
			sourceTree = "<group>";
		};
/* End PBXGroup section */

/* Begin PBXNativeTarget section */
		557059D02E8FAA6500FB2905 /* ExhibitNote */ = {
			isa = PBXNativeTarget;
			buildConfigurationList = 557059DF2E8FAA6700FB2905 /* Build configuration list for PBXNativeTarget "ExhibitNote" */;
			buildPhases = (
				557059CD2E8FAA6500FB2905 /* Sources */,
				557059CE2E8FAA6500FB2905 /* Frameworks */,
				557059CF2E8FAA6500FB2905 /* Resources */,
			);
			buildRules = (
			);
			fileSystemSynchronizedGroups = (
				557059D32E8FAA6500FB2905 /* ExhibitNote */,
			);
			name = ExhibitNote;
			packageProductDependencies = (
				55705A1A2E8FD30E00FB2905 /* HorizonCalendar */,
				553ACEE62EC36F6900F341A1 /* CropViewController */,
				553ACEE82EC36F6900F341A1 /* TOCropViewController */,
				55EBEB532F0A3A0F00D5EE2E /* GoogleGenerativeAI */,
				55EBEFAF2F249E9D00D5EE2E /* FirebaseAuth */,
				55EBEFB12F249E9D00D5EE2E /* FirebaseCore */,
				55EBEFB32F249E9D00D5EE2E /* FirebaseFirestore */,
				55EBEFB52F249E9D00D5EE2E /* FirebaseStorage */,
			);
			productName = ArtNote;
			productReference = 557059D12E8FAA6500FB2905 /* ExhibitNote.app */;
			productType = "com.apple.product-type.application";
		};
/* End PBXNativeTarget section */

/* Begin PBXProject section */
		557059C92E8FAA6500FB2905 /* Project object */ = {
			isa = PBXProject;
			attributes = {
				BuildIndependentTargetsInParallel = 1;
				LastSwiftUpdateCheck = 1600;
				LastUpgradeCheck = 1600;
				TargetAttributes = {
					557059D02E8FAA6500FB2905 = {
						CreatedOnToolsVersion = 16.0;
					};
				};
			};
			buildConfigurationList = 557059CC2E8FAA6500FB2905 /* Build configuration list for PBXProject "ExhibitNote" */;
			developmentRegion = en;
			hasScannedForEncodings = 0;
			knownRegions = (
				en,
				Base,
			);
			mainGroup = 557059C82E8FAA6500FB2905;
			minimizedProjectReferenceProxies = 1;
			packageReferences = (
				55705A192E8FD30E00FB2905 /* XCRemoteSwiftPackageReference "HorizonCalendar" */,
				553ACEE52EC36F6900F341A1 /* XCRemoteSwiftPackageReference "TOCropViewController" */,
				55EBEB522F0A3A0F00D5EE2E /* XCRemoteSwiftPackageReference "deprecated-generative-ai-swift" */,
				55EBEFAE2F249E9D00D5EE2E /* XCRemoteSwiftPackageReference "firebase-ios-sdk" */,
			);
			preferredProjectObjectVersion = 90;
			productRefGroup = 557059D22E8FAA6500FB2905 /* Products */;
			projectDirPath = "";
			projectRoot = "";
			targets = (
				557059D02E8FAA6500FB2905 /* ExhibitNote */,
			);
		};
/* End PBXProject section */

/* Begin PBXResourcesBuildPhase section */
		557059CF2E8FAA6500FB2905 /* Resources */ = {
			isa = PBXResourcesBuildPhase;
			files = (
			);
		};
/* End PBXResourcesBuildPhase section */

/* Begin PBXSourcesBuildPhase section */
		557059CD2E8FAA6500FB2905 /* Sources */ = {
			isa = PBXSourcesBuildPhase;
			files = (
			);
		};
/* End PBXSourcesBuildPhase section */

/* Begin XCBuildConfiguration section */
		557059DD2E8FAA6700FB2905 /* Debug configuration for PBXProject "ExhibitNote" */ = {
			isa = XCBuildConfiguration;
			buildSettings = {
				ALWAYS_SEARCH_USER_PATHS = NO;
				ASSETCATALOG_COMPILER_GENERATE_SWIFT_ASSET_SYMBOL_EXTENSIONS = YES;
				CLANG_ANALYZER_NONNULL = YES;
				CLANG_ANALYZER_NUMBER_OBJECT_CONVERSION = YES_AGGRESSIVE;
				CLANG_CXX_LANGUAGE_STANDARD = "gnu++20";
				CLANG_ENABLE_MODULES = YES;
				CLANG_ENABLE_OBJC_ARC = YES;
				CLANG_ENABLE_OBJC_WEAK = YES;
				CLANG_WARN_BLOCK_CAPTURE_AUTORELEASING = YES;
				CLANG_WARN_BOOL_CONVERSION = YES;
				CLANG_WARN_COMMA = YES;
				CLANG_WARN_CONSTANT_CONVERSION = YES;
				CLANG_WARN_DEPRECATED_OBJC_IMPLEMENTATIONS = YES;
				CLANG_WARN_DIRECT_OBJC_ISA_USAGE = YES_ERROR;
				CLANG_WARN_DOCUMENTATION_COMMENTS = YES;
				CLANG_WARN_EMPTY_BODY = YES;
				CLANG_WARN_ENUM_CONVERSION = YES;
				CLANG_WARN_INFINITE_RECURSION = YES;
				CLANG_WARN_INT_CONVERSION = YES;
				CLANG_WARN_NON_LITERAL_NULL_CONVERSION = YES;
				CLANG_WARN_OBJC_IMPLICIT_RETAIN_SELF = YES;
				CLANG_WARN_OBJC_LITERAL_CONVERSION = YES;
				CLANG_WARN_OBJC_ROOT_CLASS = YES_ERROR;
				CLANG_WARN_QUOTED_INCLUDE_IN_FRAMEWORK_HEADER = YES;
				CLANG_WARN_RANGE_LOOP_ANALYSIS = YES;
				CLANG_WARN_STRICT_PROTOTYPES = YES;
				CLANG_WARN_SUSPICIOUS_MOVE = YES;
				CLANG_WARN_UNGUARDED_AVAILABILITY = YES_AGGRESSIVE;
				CLANG_WARN_UNREACHABLE_CODE = YES;
				CLANG_WARN__DUPLICATE_METHOD_MATCH = YES;
				COPY_PHASE_STRIP = NO;
				DEBUG_INFORMATION_FORMAT = dwarf;
				ENABLE_STRICT_OBJC_MSGSEND = YES;
				ENABLE_TESTABILITY = YES;
				ENABLE_USER_SCRIPT_SANDBOXING = YES;
				GCC_C_LANGUAGE_STANDARD = gnu17;
				GCC_DYNAMIC_NO_PIC = NO;
				GCC_NO_COMMON_BLOCKS = YES;
				GCC_OPTIMIZATION_LEVEL = 0;
				GCC_PREPROCESSOR_DEFINITIONS = (
					"DEBUG=1",
					"$(inherited)",
				);
				GCC_WARN_64_TO_32_BIT_CONVERSION = YES;
				GCC_WARN_ABOUT_RETURN_TYPE = YES_ERROR;
				GCC_WARN_UNDECLARED_SELECTOR = YES;
				GCC_WARN_UNINITIALIZED_AUTOS = YES_AGGRESSIVE;
				GCC_WARN_UNUSED_FUNCTION = YES;
				GCC_WARN_UNUSED_VARIABLE = YES;
				IPHONEOS_DEPLOYMENT_TARGET = 18.0;
				LOCALIZATION_PREFERS_STRING_CATALOGS = YES;
				MTL_ENABLE_DEBUG_INFO = INCLUDE_SOURCE;
				MTL_FAST_MATH = YES;
				ONLY_ACTIVE_ARCH = YES;
				SDKROOT = iphoneos;
				SWIFT_ACTIVE_COMPILATION_CONDITIONS = "DEBUG $(inherited)";
				SWIFT_OPTIMIZATION_LEVEL = "-Onone";
			};
			name = Debug;
		};
		557059DE2E8FAA6700FB2905 /* Release configuration for PBXProject "ExhibitNote" */ = {
			isa = XCBuildConfiguration;
			buildSettings = {
				ALWAYS_SEARCH_USER_PATHS = NO;
				ASSETCATALOG_COMPILER_GENERATE_SWIFT_ASSET_SYMBOL_EXTENSIONS = YES;
				CLANG_ANALYZER_NONNULL = YES;
				CLANG_ANALYZER_NUMBER_OBJECT_CONVERSION = YES_AGGRESSIVE;
				CLANG_CXX_LANGUAGE_STANDARD = "gnu++20";
				CLANG_ENABLE_MODULES = YES;
				CLANG_ENABLE_OBJC_ARC = YES;
				CLANG_ENABLE_OBJC_WEAK = YES;
				CLANG_WARN_BLOCK_CAPTURE_AUTORELEASING = YES;
				CLANG_WARN_BOOL_CONVERSION = YES;
				CLANG_WARN_COMMA = YES;
				CLANG_WARN_CONSTANT_CONVERSION = YES;
				CLANG_WARN_DEPRECATED_OBJC_IMPLEMENTATIONS = YES;
				CLANG_WARN_DIRECT_OBJC_ISA_USAGE = YES_ERROR;
				CLANG_WARN_DOCUMENTATION_COMMENTS = YES;
				CLANG_WARN_EMPTY_BODY = YES;
				CLANG_WARN_ENUM_CONVERSION = YES;
				CLANG_WARN_INFINITE_RECURSION = YES;
				CLANG_WARN_INT_CONVERSION = YES;
				CLANG_WARN_NON_LITERAL_NULL_CONVERSION = YES;
				CLANG_WARN_OBJC_IMPLICIT_RETAIN_SELF = YES;
				CLANG_WARN_OBJC_LITERAL_CONVERSION = YES;
				CLANG_WARN_OBJC_ROOT_CLASS = YES_ERROR;
				CLANG_WARN_QUOTED_INCLUDE_IN_FRAMEWORK_HEADER = YES;
				CLANG_WARN_RANGE_LOOP_ANALYSIS = YES;
				CLANG_WARN_STRICT_PROTOTYPES = YES;
				CLANG_WARN_SUSPICIOUS_MOVE = YES;
				CLANG_WARN_UNGUARDED_AVAILABILITY = YES_AGGRESSIVE;
				CLANG_WARN_UNREACHABLE_CODE = YES;
				CLANG_WARN__DUPLICATE_METHOD_MATCH = YES;
				COPY_PHASE_STRIP = NO;
				DEBUG_INFORMATION_FORMAT = "dwarf-with-dsym";
				ENABLE_NS_ASSERTIONS = NO;
				ENABLE_STRICT_OBJC_MSGSEND = YES;
				ENABLE_USER_SCRIPT_SANDBOXING = YES;
				GCC_C_LANGUAGE_STANDARD = gnu17;
				GCC_NO_COMMON_BLOCKS = YES;
				GCC_WARN_64_TO_32_BIT_CONVERSION = YES;
				GCC_WARN_ABOUT_RETURN_TYPE = YES_ERROR;
				GCC_WARN_UNDECLARED_SELECTOR = YES;
				GCC_WARN_UNINITIALIZED_AUTOS = YES_AGGRESSIVE;
				GCC_WARN_UNUSED_FUNCTION = YES;
				GCC_WARN_UNUSED_VARIABLE = YES;
				IPHONEOS_DEPLOYMENT_TARGET = 18.0;
				LOCALIZATION_PREFERS_STRING_CATALOGS = YES;
				MTL_ENABLE_DEBUG_INFO = NO;
				MTL_FAST_MATH = YES;
				SDKROOT = iphoneos;
				SWIFT_COMPILATION_MODE = wholemodule;
				VALIDATE_PRODUCT = YES;
			};
			name = Release;
		};
		557059E02E8FAA6700FB2905 /* Debug configuration for PBXNativeTarget "ExhibitNote" */ = {
			isa = XCBuildConfiguration;
			buildSettings = {
				ASSETCATALOG_COMPILER_APPICON_NAME = AppIcon;
				ASSETCATALOG_COMPILER_GLOBAL_ACCENT_COLOR_NAME = AccentColor;
				CODE_SIGN_ENTITLEMENTS = ExhibitNote/ExhibitNote.entitlements;
				CODE_SIGN_STYLE = Automatic;
				CURRENT_PROJECT_VERSION = 1;
				DEVELOPMENT_TEAM = C99SPRR28W;
				ENABLE_PREVIEWS = YES;
				GENERATE_INFOPLIST_FILE = YES;
				INFOPLIST_FILE = ExhibitNote/Info.plist;
				INFOPLIST_KEY_NSCalendarsFullAccessUsageDescription = "カレンダーの予定から展覧会へ行ける空き時間を提案し、訪問予定を追加するために使用します。";
				INFOPLIST_KEY_NSCameraUsageDescription = "ポスターを撮影して会期を読み取るために使用します。";
				INFOPLIST_KEY_NSLocationWhenInUseUsageDescription = "近くの美術展を表示するために位置情報を使います。";
				INFOPLIST_KEY_NSPhotoLibraryUsageDescription = "ポスター画像から会期を読み取るために使用します";
				INFOPLIST_KEY_UIApplicationSceneManifest_Generation = YES;
				INFOPLIST_KEY_UIApplicationSupportsIndirectInputEvents = YES;
				INFOPLIST_KEY_UILaunchScreen_Generation = YES;
				INFOPLIST_KEY_UISupportedInterfaceOrientations_iPad = "UIInterfaceOrientationPortrait UIInterfaceOrientationPortraitUpsideDown UIInterfaceOrientationLandscapeLeft UIInterfaceOrientationLandscapeRight";
				INFOPLIST_KEY_UISupportedInterfaceOrientations_iPhone = "UIInterfaceOrientationPortrait UIInterfaceOrientationLandscapeLeft UIInterfaceOrientationLandscapeRight";
				IPHONEOS_DEPLOYMENT_TARGET = 26.0;
				LD_RUNPATH_SEARCH_PATHS = (
					"$(inherited)",
					"@executable_path/Frameworks",
				);
				MARKETING_VERSION = 1.0;
				PRODUCT_BUNDLE_IDENTIFIER = app.Nishiyama.Honoka.ExhibitNote;
				PRODUCT_NAME = "$(TARGET_NAME)";
				SUPPORTED_PLATFORMS = "iphoneos iphonesimulator";
				SUPPORTS_MACCATALYST = NO;
				SUPPORTS_MAC_DESIGNED_FOR_IPHONE_IPAD = NO;
				SUPPORTS_XR_DESIGNED_FOR_IPHONE_IPAD = NO;
				SWIFT_EMIT_LOC_STRINGS = YES;
				SWIFT_VERSION = 5.0;
				TARGETED_DEVICE_FAMILY = 1;
			};
			name = Debug;
		};
		557059E12E8FAA6700FB2905 /* Release configuration for PBXNativeTarget "ExhibitNote" */ = {
			isa = XCBuildConfiguration;
			buildSettings = {
				ASSETCATALOG_COMPILER_APPICON_NAME = AppIcon;
				ASSETCATALOG_COMPILER_GLOBAL_ACCENT_COLOR_NAME = AccentColor;
				CODE_SIGN_ENTITLEMENTS = ExhibitNote/ExhibitNote.entitlements;
				CODE_SIGN_STYLE = Automatic;
				CURRENT_PROJECT_VERSION = 1;
				DEVELOPMENT_TEAM = C99SPRR28W;
				ENABLE_PREVIEWS = YES;
				GENERATE_INFOPLIST_FILE = YES;
				INFOPLIST_FILE = ExhibitNote/Info.plist;
				INFOPLIST_KEY_NSCalendarsFullAccessUsageDescription = "カレンダーの予定から展覧会へ行ける空き時間を提案し、訪問予定を追加するために使用します。";
				INFOPLIST_KEY_NSCameraUsageDescription = "ポスターを撮影して会期を読み取るために使用します。";
				INFOPLIST_KEY_NSLocationWhenInUseUsageDescription = "近くの美術展を表示するために位置情報を使います。";
				INFOPLIST_KEY_NSPhotoLibraryUsageDescription = "ポスター画像から会期を読み取るために使用します";
				INFOPLIST_KEY_UIApplicationSceneManifest_Generation = YES;
				INFOPLIST_KEY_UIApplicationSupportsIndirectInputEvents = YES;
				INFOPLIST_KEY_UILaunchScreen_Generation = YES;
				INFOPLIST_KEY_UISupportedInterfaceOrientations_iPad = "UIInterfaceOrientationPortrait UIInterfaceOrientationPortraitUpsideDown UIInterfaceOrientationLandscapeLeft UIInterfaceOrientationLandscapeRight";
				INFOPLIST_KEY_UISupportedInterfaceOrientations_iPhone = "UIInterfaceOrientationPortrait UIInterfaceOrientationLandscapeLeft UIInterfaceOrientationLandscapeRight";
				IPHONEOS_DEPLOYMENT_TARGET = 26.0;
				LD_RUNPATH_SEARCH_PATHS = (
					"$(inherited)",
					"@executable_path/Frameworks",
				);
				MARKETING_VERSION = 1.0;
				PRODUCT_BUNDLE_IDENTIFIER = app.Nishiyama.Honoka.ExhibitNote;
				PRODUCT_NAME = "$(TARGET_NAME)";
				SUPPORTED_PLATFORMS = "iphoneos iphonesimulator";
				SUPPORTS_MACCATALYST = NO;
				SUPPORTS_MAC_DESIGNED_FOR_IPHONE_IPAD = NO;
				SUPPORTS_XR_DESIGNED_FOR_IPHONE_IPAD = NO;
				SWIFT_EMIT_LOC_STRINGS = YES;
				SWIFT_VERSION = 5.0;
				TARGETED_DEVICE_FAMILY = 1;
			};
			name = Release;
		};
/* End XCBuildConfiguration section */

/* Begin XCConfigurationList section */
		557059CC2E8FAA6500FB2905 /* Build configuration list for PBXProject "ExhibitNote" */ = {
			isa = XCConfigurationList;
			buildConfigurations = (
				557059DD2E8FAA6700FB2905 /* Debug configuration for PBXProject "ExhibitNote" */,
				557059DE2E8FAA6700FB2905 /* Release configuration for PBXProject "ExhibitNote" */,
			);
			defaultConfigurationName = Release;
		};
		557059DF2E8FAA6700FB2905 /* Build configuration list for PBXNativeTarget "ExhibitNote" */ = {
			isa = XCConfigurationList;
			buildConfigurations = (
				557059E02E8FAA6700FB2905 /* Debug configuration for PBXNativeTarget "ExhibitNote" */,
				557059E12E8FAA6700FB2905 /* Release configuration for PBXNativeTarget "ExhibitNote" */,
			);
			defaultConfigurationName = Release;
		};
/* End XCConfigurationList section */

/* Begin XCRemoteSwiftPackageReference section */
		553ACEE52EC36F6900F341A1 /* XCRemoteSwiftPackageReference "TOCropViewController" */ = {
			isa = XCRemoteSwiftPackageReference;
			repositoryURL = "https://github.com/TimOliver/TOCropViewController";
			requirement = {
				kind = upToNextMajorVersion;
				minimumVersion = 3.1.0;
			};
		};
		55705A192E8FD30E00FB2905 /* XCRemoteSwiftPackageReference "HorizonCalendar" */ = {
			isa = XCRemoteSwiftPackageReference;
			repositoryURL = "https://github.com/airbnb/HorizonCalendar.git";
			requirement = {
				branch = master;
				kind = branch;
			};
		};
		55EBEB522F0A3A0F00D5EE2E /* XCRemoteSwiftPackageReference "deprecated-generative-ai-swift" */ = {
			isa = XCRemoteSwiftPackageReference;
			repositoryURL = "https://github.com/google-gemini/deprecated-generative-ai-swift";
			requirement = {
				kind = upToNextMajorVersion;
				minimumVersion = 0.5.6;
			};
		};
		55EBEFAE2F249E9D00D5EE2E /* XCRemoteSwiftPackageReference "firebase-ios-sdk" */ = {
			isa = XCRemoteSwiftPackageReference;
			repositoryURL = "https://github.com/firebase/firebase-ios-sdk";
			requirement = {
				kind = upToNextMajorVersion;
				minimumVersion = 12.8.0;
			};
		};
/* End XCRemoteSwiftPackageReference section */

/* Begin XCSwiftPackageProductDependency section */
		553ACEE62EC36F6900F341A1 /* CropViewController */ = {
			isa = XCSwiftPackageProductDependency;
			package = 553ACEE52EC36F6900F341A1 /* XCRemoteSwiftPackageReference "TOCropViewController" */;
			productName = CropViewController;
		};
		553ACEE82EC36F6900F341A1 /* TOCropViewController */ = {
			isa = XCSwiftPackageProductDependency;
			package = 553ACEE52EC36F6900F341A1 /* XCRemoteSwiftPackageReference "TOCropViewController" */;
			productName = TOCropViewController;
		};
		55705A1A2E8FD30E00FB2905 /* HorizonCalendar */ = {
			isa = XCSwiftPackageProductDependency;
			package = 55705A192E8FD30E00FB2905 /* XCRemoteSwiftPackageReference "HorizonCalendar" */;
			productName = HorizonCalendar;
		};
		55EBEB532F0A3A0F00D5EE2E /* GoogleGenerativeAI */ = {
			isa = XCSwiftPackageProductDependency;
			package = 55EBEB522F0A3A0F00D5EE2E /* XCRemoteSwiftPackageReference "deprecated-generative-ai-swift" */;
			productName = GoogleGenerativeAI;
		};
		55EBEFAF2F249E9D00D5EE2E /* FirebaseAuth */ = {
			isa = XCSwiftPackageProductDependency;
			package = 55EBEFAE2F249E9D00D5EE2E /* XCRemoteSwiftPackageReference "firebase-ios-sdk" */;
			productName = FirebaseAuth;
		};
		55EBEFB12F249E9D00D5EE2E /* FirebaseCore */ = {
			isa = XCSwiftPackageProductDependency;
			package = 55EBEFAE2F249E9D00D5EE2E /* XCRemoteSwiftPackageReference "firebase-ios-sdk" */;
			productName = FirebaseCore;
		};
		55EBEFB32F249E9D00D5EE2E /* FirebaseFirestore */ = {
			isa = XCSwiftPackageProductDependency;
			package = 55EBEFAE2F249E9D00D5EE2E /* XCRemoteSwiftPackageReference "firebase-ios-sdk" */;
			productName = FirebaseFirestore;
		};
		55EBEFB52F249E9D00D5EE2E /* FirebaseStorage */ = {
			isa = XCSwiftPackageProductDependency;
			package = 55EBEFAE2F249E9D00D5EE2E /* XCRemoteSwiftPackageReference "firebase-ios-sdk" */;
			productName = FirebaseStorage;
		};
/* End XCSwiftPackageProductDependency section */
	};
	rootObject = 557059C92E8FAA6500FB2905 /* Project object */;
}
